
Microsoft Visual Studio Solution File, Format Version 12.00
# Visual Studio Version 16
Project("{8BC9CEB8-8B4A-11D0-8D11-00A0C91BC942}") = "Sandbox", "Sandbox\Sandbox.vcxproj", "{F4C124E3-60A1-A37E-69B9-2E55D5170AE0}"
EndProject
Project("{2150E333-8FDC-42A3-9474-1A3956D46DE8}") = "Dependencies", "Dependencies", "{53E47842-3FC8-3998-A828-34EB942B241A}"
EndProject
Project("{8BC9CEB8-8B4A-11D0-8D11-00A0C91BC942}") = "GL3W", "Engine\vendor\gl3w\GL3W.vcxproj", "{A248857C-8E7F-860D-376C-6C102382020F}"
EndProject
Project("{8BC9CEB8-8B4A-11D0-8D11-00A0C91BC942}") = "ImGui", "Engine\vendor\ImGui\ImGui.vcxproj", "{C0FF640D-2C14-8DBE-F595-301E616989EF}"
EndProject
Project("{8BC9CEB8-8B4A-11D0-8D11-00A0C91BC942}") = "Engine", "Engine\Engine.vcxproj", "{DBC7D3B0-C769-FE86-B024-12DB9C6585D7}"
EndProject
Global
	GlobalSection(SolutionConfigurationPlatforms) = preSolution
		Debug|OpenGL = Debug|OpenGL
		Debug|Vulkan = Debug|Vulkan
		Production|OpenGL = Production|OpenGL
		Production|Vulkan = Production|Vulkan
		Release|OpenGL = Release|OpenGL
		Release|Vulkan = Release|Vulkan
	EndGlobalSection
	GlobalSection(ProjectConfigurationPlatforms) = postSolution
		{F4C124E3-60A1-A37E-69B9-2E55D5170AE0}.Debug|OpenGL.ActiveCfg = Debug OpenGL|x64
		{F4C124E3-60A1-A37E-69B9-2E55D5170AE0}.Debug|OpenGL.Build.0 = Debug OpenGL|x64
		{F4C124E3-60A1-A37E-69B9-2E55D5170AE0}.Debug|Vulkan.ActiveCfg = Debug Vulkan|x64
		{F4C124E3-60A1-A37E-69B9-2E55D5170AE0}.Debug|Vulkan.Build.0 = Debug Vulkan|x64
		{F4C124E3-60A1-A37E-69B9-2E55D5170AE0}.Production|OpenGL.ActiveCfg = Production OpenGL|x64
		{F4C124E3-60A1-A37E-69B9-2E55D5170AE0}.Production|OpenGL.Build.0 = Production OpenGL|x64
		{F4C124E3-60A1-A37E-69B9-2E55D5170AE0}.Production|Vulkan.ActiveCfg = Production Vulkan|x64
		{F4C124E3-60A1-A37E-69B9-2E55D5170AE0}.Production|Vulkan.Build.0 = Production Vulkan|x64
		{F4C124E3-60A1-A37E-69B9-2E55D5170AE0}.Release|OpenGL.ActiveCfg = Release OpenGL|x64
		{F4C124E3-60A1-A37E-69B9-2E55D5170AE0}.Release|OpenGL.Build.0 = Release OpenGL|x64
		{F4C124E3-60A1-A37E-69B9-2E55D5170AE0}.Release|Vulkan.ActiveCfg = Release Vulkan|x64
		{F4C124E3-60A1-A37E-69B9-2E55D5170AE0}.Release|Vulkan.Build.0 = Release Vulkan|x64
		{A248857C-8E7F-860D-376C-6C102382020F}.Debug|OpenGL.ActiveCfg = Debug OpenGL|x64
		{A248857C-8E7F-860D-376C-6C102382020F}.Debug|OpenGL.Build.0 = Debug OpenGL|x64
		{A248857C-8E7F-860D-376C-6C102382020F}.Debug|Vulkan.ActiveCfg = Debug Vulkan|x64
		{A248857C-8E7F-860D-376C-6C102382020F}.Debug|Vulkan.Build.0 = Debug Vulkan|x64
		{A248857C-8E7F-860D-376C-6C102382020F}.Production|OpenGL.ActiveCfg = Production OpenGL|x64
		{A248857C-8E7F-860D-376C-6C102382020F}.Production|OpenGL.Build.0 = Production OpenGL|x64
		{A248857C-8E7F-860D-376C-6C102382020F}.Production|Vulkan.ActiveCfg = Production Vulkan|x64
		{A248857C-8E7F-860D-376C-6C102382020F}.Production|Vulkan.Build.0 = Production Vulkan|x64
		{A248857C-8E7F-860D-376C-6C102382020F}.Release|OpenGL.ActiveCfg = Release OpenGL|x64
		{A248857C-8E7F-860D-376C-6C102382020F}.Release|OpenGL.Build.0 = Release OpenGL|x64
		{A248857C-8E7F-860D-376C-6C102382020F}.Release|Vulkan.ActiveCfg = Release Vulkan|x64
		{A248857C-8E7F-860D-376C-6C102382020F}.Release|Vulkan.Build.0 = Release Vulkan|x64
		{C0FF640D-2C14-8DBE-F595-301E616989EF}.Debug|OpenGL.ActiveCfg = Debug OpenGL|x64
		{C0FF640D-2C14-8DBE-F595-301E616989EF}.Debug|OpenGL.Build.0 = Debug OpenGL|x64
		{C0FF640D-2C14-8DBE-F595-301E616989EF}.Debug|Vulkan.ActiveCfg = Debug Vulkan|x64
		{C0FF640D-2C14-8DBE-F595-301E616989EF}.Debug|Vulkan.Build.0 = Debug Vulkan|x64
		{C0FF640D-2C14-8DBE-F595-301E616989EF}.Production|OpenGL.ActiveCfg = Production OpenGL|x64
		{C0FF640D-2C14-8DBE-F595-301E616989EF}.Production|OpenGL.Build.0 = Production OpenGL|x64
		{C0FF640D-2C14-8DBE-F595-301E616989EF}.Production|Vulkan.ActiveCfg = Production Vulkan|x64
		{C0FF640D-2C14-8DBE-F595-301E616989EF}.Production|Vulkan.Build.0 = Production Vulkan|x64
		{C0FF640D-2C14-8DBE-F595-301E616989EF}.Release|OpenGL.ActiveCfg = Release OpenGL|x64
		{C0FF640D-2C14-8DBE-F595-301E616989EF}.Release|OpenGL.Build.0 = Release OpenGL|x64
		{C0FF640D-2C14-8DBE-F595-301E616989EF}.Release|Vulkan.ActiveCfg = Release Vulkan|x64
		{C0FF640D-2C14-8DBE-F595-301E616989EF}.Release|Vulkan.Build.0 = Release Vulkan|x64
		{DBC7D3B0-C769-FE86-B024-12DB9C6585D7}.Debug|OpenGL.ActiveCfg = Debug OpenGL|x64
		{DBC7D3B0-C769-FE86-B024-12DB9C6585D7}.Debug|OpenGL.Build.0 = Debug OpenGL|x64
		{DBC7D3B0-C769-FE86-B024-12DB9C6585D7}.Debug|Vulkan.ActiveCfg = Debug Vulkan|x64
		{DBC7D3B0-C769-FE86-B024-12DB9C6585D7}.Debug|Vulkan.Build.0 = Debug Vulkan|x64
		{DBC7D3B0-C769-FE86-B024-12DB9C6585D7}.Production|OpenGL.ActiveCfg = Production OpenGL|x64
		{DBC7D3B0-C769-FE86-B024-12DB9C6585D7}.Production|OpenGL.Build.0 = Production OpenGL|x64
		{DBC7D3B0-C769-FE86-B024-12DB9C6585D7}.Production|Vulkan.ActiveCfg = Production Vulkan|x64
		{DBC7D3B0-C769-FE86-B024-12DB9C6585D7}.Production|Vulkan.Build.0 = Production Vulkan|x64
		{DBC7D3B0-C769-FE86-B024-12DB9C6585D7}.Release|OpenGL.ActiveCfg = Release OpenGL|x64
		{DBC7D3B0-C769-FE86-B024-12DB9C6585D7}.Release|OpenGL.Build.0 = Release OpenGL|x64
		{DBC7D3B0-C769-FE86-B024-12DB9C6585D7}.Release|Vulkan.ActiveCfg = Release Vulkan|x64
		{DBC7D3B0-C769-FE86-B024-12DB9C6585D7}.Release|Vulkan.Build.0 = Release Vulkan|x64
	EndGlobalSection
	GlobalSection(SolutionProperties) = preSolution
		HideSolutionNode = FALSE
	EndGlobalSection
	GlobalSection(NestedProjects) = preSolution
		{A248857C-8E7F-860D-376C-6C102382020F} = {53E47842-3FC8-3998-A828-34EB942B241A}
		{C0FF640D-2C14-8DBE-F595-301E616989EF} = {53E47842-3FC8-3998-A828-34EB942B241A}
	EndGlobalSection
EndGlobal
